
Microsoft Visual Studio Solution File, Format Version 12.00
# Visual Studio 15
VisualStudioVersion = 15.0.28307.271
MinimumVisualStudioVersion = 10.0.40219.1
Project("{FAE04EC0-301F-11D3-BF4B-00C04F79EFBC}") = "aliyun-ddns", "aliyun-ddns\aliyun-ddns.csproj", "{E25AF90B-C12B-4A54-94FB-329F486FBD65}"
EndProject
Project("{E53339B2-1760-4266-BCC7-CA923CBCF16C}") = "docker-compose", "docker-compose.dcproj", "{5AE3B08F-B951-4EDF-A63E-AD9C2263F55E}"
EndProject
Global
	GlobalSection(SolutionConfigurationPlatforms) = preSolution
		Debug|Any CPU = Debug|Any CPU
		Release|Any CPU = Release|Any CPU
	EndGlobalSection
	GlobalSection(ProjectConfigurationPlatforms) = postSolution
		{E25AF90B-C12B-4A54-94FB-329F486FBD65}.Debug|Any CPU.ActiveCfg = Debug|Any CPU
		{E25AF90B-C12B-4A54-94FB-329F486FBD65}.Debug|Any CPU.Build.0 = Debug|Any CPU
		{E25AF90B-C12B-4A54-94FB-329F486FBD65}.Release|Any CPU.ActiveCfg = Release|Any CPU
		{E25AF90B-C12B-4A54-94FB-329F486FBD65}.Release|Any CPU.Build.0 = Release|Any CPU
		{5AE3B08F-B951-4EDF-A63E-AD9C2263F55E}.Debug|Any CPU.ActiveCfg = Debug|Any CPU
		{5AE3B08F-B951-4EDF-A63E-AD9C2263F55E}.Debug|Any CPU.Build.0 = Debug|Any CPU
		{5AE3B08F-B951-4EDF-A63E-AD9C2263F55E}.Release|Any CPU.ActiveCfg = Release|Any CPU
		{5AE3B08F-B951-4EDF-A63E-AD9C2263F55E}.Release|Any CPU.Build.0 = Release|Any CPU
	EndGlobalSection
	GlobalSection(SolutionProperties) = preSolution
		HideSolutionNode = FALSE
	EndGlobalSection
	GlobalSection(ExtensibilityGlobals) = postSolution
		SolutionGuid = {785D6A71-DD0E-432A-A986-2C4C391DCD0D}
	EndGlobalSection
EndGlobal
