
Microsoft Visual Studio Solution File, Format Version 12.00
# Visual Studio Version 16
VisualStudioVersion = 16.0.30204.135
MinimumVisualStudioVersion = 10.0.40219.1
Project("{9A19103F-16F7-4668-BE54-9A1E7A4F7556}") = "aliyun-ddns", "aliyun-ddns\aliyun-ddns.csproj", "{E25AF90B-C12B-4A54-94FB-329F486FBD65}"
EndProject
Project("{2150E333-8FDC-42A3-9474-1A3956D46DE8}") = "Solution Items", "Solution Items", "{4B571F9E-C2B5-4DC1-8580-AC782BEFAC43}"
	ProjectSection(SolutionItems) = preProject
		LICENSE = LICENSE
		ReadMe.md = ReadMe.md
	EndProjectSection
EndProject
Project("{FAE04EC0-301F-11D3-BF4B-00C04F79EFBC}") = "aliyun-ddns.Tests", "aliyun-ddns.Tests\aliyun-ddns.Tests.csproj", "{0E9E9207-68D7-4520-8D3A-404BE4DA3C21}"
EndProject
Global
	GlobalSection(SolutionConfigurationPlatforms) = preSolution
		Debug|Any CPU = Debug|Any CPU
		Debug|x64 = Debug|x64
		Debug|x86 = Debug|x86
		Release|Any CPU = Release|Any CPU
		Release|x64 = Release|x64
		Release|x86 = Release|x86
	EndGlobalSection
	GlobalSection(ProjectConfigurationPlatforms) = postSolution
		{E25AF90B-C12B-4A54-94FB-329F486FBD65}.Debug|Any CPU.ActiveCfg = Debug|Any CPU
		{E25AF90B-C12B-4A54-94FB-329F486FBD65}.Debug|Any CPU.Build.0 = Debug|Any CPU
		{E25AF90B-C12B-4A54-94FB-329F486FBD65}.Debug|x64.ActiveCfg = Debug|Any CPU
		{E25AF90B-C12B-4A54-94FB-329F486FBD65}.Debug|x64.Build.0 = Debug|Any CPU
		{E25AF90B-C12B-4A54-94FB-329F486FBD65}.Debug|x86.ActiveCfg = Debug|Any CPU
		{E25AF90B-C12B-4A54-94FB-329F486FBD65}.Debug|x86.Build.0 = Debug|Any CPU
		{E25AF90B-C12B-4A54-94FB-329F486FBD65}.Release|Any CPU.ActiveCfg = Release|Any CPU
		{E25AF90B-C12B-4A54-94FB-329F486FBD65}.Release|Any CPU.Build.0 = Release|Any CPU
		{E25AF90B-C12B-4A54-94FB-329F486FBD65}.Release|x64.ActiveCfg = Release|Any CPU
		{E25AF90B-C12B-4A54-94FB-329F486FBD65}.Release|x64.Build.0 = Release|Any CPU
		{E25AF90B-C12B-4A54-94FB-329F486FBD65}.Release|x86.ActiveCfg = Release|Any CPU
		{E25AF90B-C12B-4A54-94FB-329F486FBD65}.Release|x86.Build.0 = Release|Any CPU
		{0E9E9207-68D7-4520-8D3A-404BE4DA3C21}.Debug|Any CPU.ActiveCfg = Debug|Any CPU
		{0E9E9207-68D7-4520-8D3A-404BE4DA3C21}.Debug|Any CPU.Build.0 = Debug|Any CPU
		{0E9E9207-68D7-4520-8D3A-404BE4DA3C21}.Debug|x64.ActiveCfg = Debug|Any CPU
		{0E9E9207-68D7-4520-8D3A-404BE4DA3C21}.Debug|x64.Build.0 = Debug|Any CPU
		{0E9E9207-68D7-4520-8D3A-404BE4DA3C21}.Debug|x86.ActiveCfg = Debug|Any CPU
		{0E9E9207-68D7-4520-8D3A-404BE4DA3C21}.Debug|x86.Build.0 = Debug|Any CPU
		{0E9E9207-68D7-4520-8D3A-404BE4DA3C21}.Release|Any CPU.ActiveCfg = Release|Any CPU
		{0E9E9207-68D7-4520-8D3A-404BE4DA3C21}.Release|Any CPU.Build.0 = Release|Any CPU
		{0E9E9207-68D7-4520-8D3A-404BE4DA3C21}.Release|x64.ActiveCfg = Release|Any CPU
		{0E9E9207-68D7-4520-8D3A-404BE4DA3C21}.Release|x64.Build.0 = Release|Any CPU
		{0E9E9207-68D7-4520-8D3A-404BE4DA3C21}.Release|x86.ActiveCfg = Release|Any CPU
		{0E9E9207-68D7-4520-8D3A-404BE4DA3C21}.Release|x86.Build.0 = Release|Any CPU
	EndGlobalSection
	GlobalSection(SolutionProperties) = preSolution
		HideSolutionNode = FALSE
	EndGlobalSection
	GlobalSection(ExtensibilityGlobals) = postSolution
		SolutionGuid = {785D6A71-DD0E-432A-A986-2C4C391DCD0D}
	EndGlobalSection
EndGlobal
